
Microsoft Visual Studio Solution File, Format Version 12.00
# Visual Studio 15
Project("{FAE04EC0-301F-11D3-BF4B-00C04F79EFBC}") = "Assembly-CSharp", "Assembly-CSharp.csproj", "{79EDF34B-5502-7D79-BA17-B8E3596F1ADC}"
EndProject
Project("{FAE04EC0-301F-11D3-BF4B-00C04F79EFBC}") = "Assembly-CSharp-Editor", "Assembly-CSharp-Editor.csproj", "{36D3594B-167A-A878-1218-5AA8536E02FA}"
EndProject
Project("{FAE04EC0-301F-11D3-BF4B-00C04F79EFBC}") = "Assembly-CSharp-Editor-firstpass", "Assembly-CSharp-Editor-firstpass.csproj", "{6D9D10C2-33D2-A760-65BF-9F7BD330008E}"
EndProject
Global
	GlobalSection(SolutionConfigurationPlatforms) = preSolution
		Debug|Any CPU = Debug|Any CPU
		Release|Any CPU = Release|Any CPU
	EndGlobalSection
	GlobalSection(ProjectConfigurationPlatforms) = postSolution
		{79EDF34B-5502-7D79-BA17-B8E3596F1ADC}.Debug|Any CPU.ActiveCfg = Debug|Any CPU
		{79EDF34B-5502-7D79-BA17-B8E3596F1ADC}.Debug|Any CPU.Build.0 = Debug|Any CPU
		{79EDF34B-5502-7D79-BA17-B8E3596F1ADC}.Release|Any CPU.ActiveCfg = Release|Any CPU
		{79EDF34B-5502-7D79-BA17-B8E3596F1ADC}.Release|Any CPU.Build.0 = Release|Any CPU
		{36D3594B-167A-A878-1218-5AA8536E02FA}.Debug|Any CPU.ActiveCfg = Debug|Any CPU
		{36D3594B-167A-A878-1218-5AA8536E02FA}.Debug|Any CPU.Build.0 = Debug|Any CPU
		{36D3594B-167A-A878-1218-5AA8536E02FA}.Release|Any CPU.ActiveCfg = Release|Any CPU
		{36D3594B-167A-A878-1218-5AA8536E02FA}.Release|Any CPU.Build.0 = Release|Any CPU
		{6D9D10C2-33D2-A760-65BF-9F7BD330008E}.Debug|Any CPU.ActiveCfg = Debug|Any CPU
		{6D9D10C2-33D2-A760-65BF-9F7BD330008E}.Debug|Any CPU.Build.0 = Debug|Any CPU
		{6D9D10C2-33D2-A760-65BF-9F7BD330008E}.Release|Any CPU.ActiveCfg = Release|Any CPU
		{6D9D10C2-33D2-A760-65BF-9F7BD330008E}.Release|Any CPU.Build.0 = Release|Any CPU
	EndGlobalSection
	GlobalSection(SolutionProperties) = preSolution
		HideSolutionNode = FALSE
	EndGlobalSection
EndGlobal
